{
    "_meta": {
        "hash": {
            "sha256": "16d623dbee9bf71daf9dae831902293a594de7fbebe2e868b0ec61684759cd89"
        },
        "pipfile-spec": 6,
        "requires": {
            "python_version": "3.10"
        },
        "sources": [
            {
                "name": "pypi",
                "url": "https://pypi.org/simple",
                "verify_ssl": true
            }
        ]
    },
    "default": {
        "asgiref": {
            "hashes": [
                "sha256:4ef1ab46b484e3c706329cedeff284a5d40824200638503f5768edb6de7d58e9",
                "sha256:ffc141aa908e6f175673e7b1b3b7af4fdb0ecb738fc5c8b88f69f055c2415214"
            ],
            "markers": "python_version >= '3.6'",
            "version": "==3.4.1"
        },
        "django": {
            "hashes": [
                "sha256:2485eea3cc4c3bae13080dee866ebf90ba9f98d1afe8fda89bfb0eb2e218ef86",
                "sha256:7cd8e8a3ed2bc0dfda05ce1e53a9c81b30eefd7aa350e538a18884475e4d4ce2"
            ],
            "index": "pypi",
            "version": "==4.0.1"
        },
        "djangorestframework": {
            "hashes": [
                "sha256:0c33407ce23acc68eca2a6e46424b008c9c02eceb8cf18581921d0092bc1f2ee",
                "sha256:24c4bf58ed7e85d1fe4ba250ab2da926d263cd57d64b03e8dcef0ac683f8b1aa"
            ],
            "index": "pypi",
            "version": "==3.13.1"
        },
        "parameterized": {
            "hashes": [
                "sha256:41bbff37d6186430f77f900d777e5bb6a24928a1c46fb1de692f8b52b8833b5c",
                "sha256:9cbb0b69a03e8695d68b3399a8a5825200976536fe1cb79db60ed6a4c8c9efe9"
            ],
            "index": "pypi",
            "version": "==0.8.1"
        },
        "pytz": {
            "hashes": [
                "sha256:3672058bc3453457b622aab7a1c3bfd5ab0bdae451512f6cf25f64ed37f5b87c",
                "sha256:acad2d8b20a1af07d4e4c9d2e9285c5ed9104354062f275f3fcd88dcef4f1326"
            ],
            "version": "==2021.3"
        },
        "sqlparse": {
            "hashes": [
                "sha256:0c00730c74263a94e5a9919ade150dfc3b19c574389985446148402998287dae",
                "sha256:48719e356bb8b42991bdbb1e8b83223757b93789c00910a616a071910ca4a64d"
            ],
            "markers": "python_version >= '3.5'",
            "version": "==0.4.2"
        }
    },
    "develop": {}
}
